
Microsoft Visual Studio Solution File, Format Version 12.00
# Visual Studio 15
Project("{FAE04EC0-301F-11D3-BF4B-00C04F79EFBC}") = "Assembly-CSharp", "Assembly-CSharp.csproj", "{B0A17BFD-AC1A-FF5D-E858-31DDDBB3A39C}"
EndProject
Project("{FAE04EC0-301F-11D3-BF4B-00C04F79EFBC}") = "Assembly-CSharp-firstpass", "Assembly-CSharp-firstpass.csproj", "{C38E8B87-BD8B-71ED-13AE-26AF5DB338A0}"
EndProject
Project("{FAE04EC0-301F-11D3-BF4B-00C04F79EFBC}") = "Assembly-CSharp-Editor", "Assembly-CSharp-Editor.csproj", "{BBFD2E90-1A57-B26A-2B7F-C8EE4A5D73E9}"
EndProject
Project("{FAE04EC0-301F-11D3-BF4B-00C04F79EFBC}") = "Assembly-CSharp-Editor-firstpass", "Assembly-CSharp-Editor-firstpass.csproj", "{1D8D3D0F-F954-1ACA-D7CE-B975BFC76D0A}"
EndProject
Global
	GlobalSection(SolutionConfigurationPlatforms) = preSolution
		Debug|Any CPU = Debug|Any CPU
		Release|Any CPU = Release|Any CPU
	EndGlobalSection
	GlobalSection(ProjectConfigurationPlatforms) = postSolution
		{B0A17BFD-AC1A-FF5D-E858-31DDDBB3A39C}.Debug|Any CPU.ActiveCfg = Debug|Any CPU
		{B0A17BFD-AC1A-FF5D-E858-31DDDBB3A39C}.Debug|Any CPU.Build.0 = Debug|Any CPU
		{B0A17BFD-AC1A-FF5D-E858-31DDDBB3A39C}.Release|Any CPU.ActiveCfg = Release|Any CPU
		{B0A17BFD-AC1A-FF5D-E858-31DDDBB3A39C}.Release|Any CPU.Build.0 = Release|Any CPU
		{C38E8B87-BD8B-71ED-13AE-26AF5DB338A0}.Debug|Any CPU.ActiveCfg = Debug|Any CPU
		{C38E8B87-BD8B-71ED-13AE-26AF5DB338A0}.Debug|Any CPU.Build.0 = Debug|Any CPU
		{C38E8B87-BD8B-71ED-13AE-26AF5DB338A0}.Release|Any CPU.ActiveCfg = Release|Any CPU
		{C38E8B87-BD8B-71ED-13AE-26AF5DB338A0}.Release|Any CPU.Build.0 = Release|Any CPU
		{BBFD2E90-1A57-B26A-2B7F-C8EE4A5D73E9}.Debug|Any CPU.ActiveCfg = Debug|Any CPU
		{BBFD2E90-1A57-B26A-2B7F-C8EE4A5D73E9}.Debug|Any CPU.Build.0 = Debug|Any CPU
		{BBFD2E90-1A57-B26A-2B7F-C8EE4A5D73E9}.Release|Any CPU.ActiveCfg = Release|Any CPU
		{BBFD2E90-1A57-B26A-2B7F-C8EE4A5D73E9}.Release|Any CPU.Build.0 = Release|Any CPU
		{1D8D3D0F-F954-1ACA-D7CE-B975BFC76D0A}.Debug|Any CPU.ActiveCfg = Debug|Any CPU
		{1D8D3D0F-F954-1ACA-D7CE-B975BFC76D0A}.Debug|Any CPU.Build.0 = Debug|Any CPU
		{1D8D3D0F-F954-1ACA-D7CE-B975BFC76D0A}.Release|Any CPU.ActiveCfg = Release|Any CPU
		{1D8D3D0F-F954-1ACA-D7CE-B975BFC76D0A}.Release|Any CPU.Build.0 = Release|Any CPU
	EndGlobalSection
	GlobalSection(SolutionProperties) = preSolution
		HideSolutionNode = FALSE
	EndGlobalSection
EndGlobal
